// !$*UTF8*$!
{
	archiveVersion = 1;
	classes = {
	};
	objectVersion = 46;
	objects = {

/* Begin PBXBuildFile section */
		151796EB1BE68E4B004BA6E5 /* AppDelegate.swift in Sources */ = {isa = PBXBuildFile; fileRef = 151796EA1BE68E4B004BA6E5 /* AppDelegate.swift */; };
		151796ED1BE68E4B004BA6E5 /* ViewController.swift in Sources */ = {isa = PBXBuildFile; fileRef = 151796EC1BE68E4B004BA6E5 /* ViewController.swift */; };
		151796F21BE68E4B004BA6E5 /* Assets.xcassets in Resources */ = {isa = PBXBuildFile; fileRef = 151796F11BE68E4B004BA6E5 /* Assets.xcassets */; };
		151796F51BE68E4B004BA6E5 /* LaunchScreen.storyboard in Resources */ = {isa = PBXBuildFile; fileRef = 151796F31BE68E4B004BA6E5 /* LaunchScreen.storyboard */; };
		151797001BE69026004BA6E5 /* Toast.swift in Sources */ = {isa = PBXBuildFile; fileRef = 151796FF1BE69026004BA6E5 /* Toast.swift */; };
/* End PBXBuildFile section */

/* Begin PBXFileReference section */
		151796E71BE68E4B004BA6E5 /* Toast-Swift.app */ = {isa = PBXFileReference; explicitFileType = wrapper.application; includeInIndex = 0; path = "Toast-Swift.app"; sourceTree = BUILT_PRODUCTS_DIR; };
		151796EA1BE68E4B004BA6E5 /* AppDelegate.swift */ = {isa = PBXFileReference; lastKnownFileType = sourcecode.swift; name = AppDelegate.swift; path = Demo/AppDelegate.swift; sourceTree = SOURCE_ROOT; };
		151796EC1BE68E4B004BA6E5 /* ViewController.swift */ = {isa = PBXFileReference; lastKnownFileType = sourcecode.swift; name = ViewController.swift; path = Demo/ViewController.swift; sourceTree = SOURCE_ROOT; };
		151796F11BE68E4B004BA6E5 /* Assets.xcassets */ = {isa = PBXFileReference; lastKnownFileType = folder.assetcatalog; name = Assets.xcassets; path = Demo/Assets.xcassets; sourceTree = SOURCE_ROOT; };
		151796F41BE68E4B004BA6E5 /* Base */ = {isa = PBXFileReference; lastKnownFileType = file.storyboard; name = Base; path = Base.lproj/LaunchScreen.storyboard; sourceTree = "<group>"; };
		151796F61BE68E4B004BA6E5 /* Info.plist */ = {isa = PBXFileReference; lastKnownFileType = text.plist; name = Info.plist; path = Demo/Info.plist; sourceTree = "<group>"; };
		151796FF1BE69026004BA6E5 /* Toast.swift */ = {isa = PBXFileReference; fileEncoding = 4; lastKnownFileType = sourcecode.swift; name = Toast.swift; path = Toast/Toast.swift; sourceTree = SOURCE_ROOT; };
/* End PBXFileReference section */

/* Begin PBXFrameworksBuildPhase section */
		151796E41BE68E4B004BA6E5 /* Frameworks */ = {
			isa = PBXFrameworksBuildPhase;
			buildActionMask = 2147483647;
			files = (
			);
			runOnlyForDeploymentPostprocessing = 0;
		};
/* End PBXFrameworksBuildPhase section */

/* Begin PBXGroup section */
		151796DE1BE68E4B004BA6E5 = {
			isa = PBXGroup;
			children = (
				151796E91BE68E4B004BA6E5 /* Toast */,
				151796FC1BE68E75004BA6E5 /* Demo */,
				151796FD1BE68EAC004BA6E5 /* Supporting Files */,
				151796FE1BE68EB5004BA6E5 /* Resources */,
				151796E81BE68E4B004BA6E5 /* Products */,
			);
			sourceTree = "<group>";
		};
		151796E81BE68E4B004BA6E5 /* Products */ = {
			isa = PBXGroup;
			children = (
				151796E71BE68E4B004BA6E5 /* Toast-Swift.app */,
			);
			name = Products;
			sourceTree = "<group>";
		};
		151796E91BE68E4B004BA6E5 /* Toast */ = {
			isa = PBXGroup;
			children = (
				151796FF1BE69026004BA6E5 /* Toast.swift */,
			);
			name = Toast;
			path = "Toast-Swift";
			sourceTree = "<group>";
		};
		151796FC1BE68E75004BA6E5 /* Demo */ = {
			isa = PBXGroup;
			children = (
				151796EA1BE68E4B004BA6E5 /* AppDelegate.swift */,
				151796EC1BE68E4B004BA6E5 /* ViewController.swift */,
			);
			name = Demo;
			path = "Toast-Swift";
			sourceTree = "<group>";
		};
		151796FD1BE68EAC004BA6E5 /* Supporting Files */ = {
			isa = PBXGroup;
			children = (
				151796F61BE68E4B004BA6E5 /* Info.plist */,
			);
			name = "Supporting Files";
			path = "Toast-Swift";
			sourceTree = "<group>";
		};
		151796FE1BE68EB5004BA6E5 /* Resources */ = {
			isa = PBXGroup;
			children = (
				151796F11BE68E4B004BA6E5 /* Assets.xcassets */,
				151796F31BE68E4B004BA6E5 /* LaunchScreen.storyboard */,
			);
			name = Resources;
			path = "Toast-Swift";
			sourceTree = "<group>";
		};
/* End PBXGroup section */

/* Begin PBXNativeTarget section */
		151796E61BE68E4B004BA6E5 /* Toast-Swift */ = {
			isa = PBXNativeTarget;
			buildConfigurationList = 151796F91BE68E4B004BA6E5 /* Build configuration list for PBXNativeTarget "Toast-Swift" */;
			buildPhases = (
				151796E31BE68E4B004BA6E5 /* Sources */,
				151796E41BE68E4B004BA6E5 /* Frameworks */,
				151796E51BE68E4B004BA6E5 /* Resources */,
			);
			buildRules = (
			);
			dependencies = (
			);
			name = "Toast-Swift";
			productName = "Toast-Swift";
			productReference = 151796E71BE68E4B004BA6E5 /* Toast-Swift.app */;
			productType = "com.apple.product-type.application";
		};
/* End PBXNativeTarget section */

/* Begin PBXProject section */
		151796DF1BE68E4B004BA6E5 /* Project object */ = {
			isa = PBXProject;
			attributes = {
				LastSwiftUpdateCheck = 0710;
				LastUpgradeCheck = 0710;
				ORGANIZATIONNAME = "Charles Scalesse";
				TargetAttributes = {
					151796E61BE68E4B004BA6E5 = {
						CreatedOnToolsVersion = 7.1;
					};
				};
			};
			buildConfigurationList = 151796E21BE68E4B004BA6E5 /* Build configuration list for PBXProject "Toast-Swift" */;
			compatibilityVersion = "Xcode 3.2";
			developmentRegion = English;
			hasScannedForEncodings = 0;
			knownRegions = (
				en,
				Base,
			);
			mainGroup = 151796DE1BE68E4B004BA6E5;
			productRefGroup = 151796E81BE68E4B004BA6E5 /* Products */;
			projectDirPath = "";
			projectRoot = "";
			targets = (
				151796E61BE68E4B004BA6E5 /* Toast-Swift */,
			);
		};
/* End PBXProject section */

/* Begin PBXResourcesBuildPhase section */
		151796E51BE68E4B004BA6E5 /* Resources */ = {
			isa = PBXResourcesBuildPhase;
			buildActionMask = 2147483647;
			files = (
				151796F51BE68E4B004BA6E5 /* LaunchScreen.storyboard in Resources */,
				151796F21BE68E4B004BA6E5 /* Assets.xcassets in Resources */,
			);
			runOnlyForDeploymentPostprocessing = 0;
		};
/* End PBXResourcesBuildPhase section */

/* Begin PBXSourcesBuildPhase section */
		151796E31BE68E4B004BA6E5 /* Sources */ = {
			isa = PBXSourcesBuildPhase;
			buildActionMask = 2147483647;
			files = (
				151796ED1BE68E4B004BA6E5 /* ViewController.swift in Sources */,
				151797001BE69026004BA6E5 /* Toast.swift in Sources */,
				151796EB1BE68E4B004BA6E5 /* AppDelegate.swift in Sources */,
			);
			runOnlyForDeploymentPostprocessing = 0;
		};
/* End PBXSourcesBuildPhase section */

/* Begin PBXVariantGroup section */
		151796F31BE68E4B004BA6E5 /* LaunchScreen.storyboard */ = {
			isa = PBXVariantGroup;
			children = (
				151796F41BE68E4B004BA6E5 /* Base */,
			);
			name = LaunchScreen.storyboard;
			path = ../Demo;
			sourceTree = "<group>";
		};
/* End PBXVariantGroup section */

/* Begin XCBuildConfiguration section */
		151796F71BE68E4B004BA6E5 /* Debug */ = {
			isa = XCBuildConfiguration;
			buildSettings = {
				ALWAYS_SEARCH_USER_PATHS = NO;
				CLANG_CXX_LANGUAGE_STANDARD = "gnu++0x";
				CLANG_CXX_LIBRARY = "libc++";
				CLANG_ENABLE_MODULES = YES;
				CLANG_ENABLE_OBJC_ARC = YES;
				CLANG_WARN_BOOL_CONVERSION = YES;
				CLANG_WARN_CONSTANT_CONVERSION = YES;
				CLANG_WARN_DIRECT_OBJC_ISA_USAGE = YES_ERROR;
				CLANG_WARN_EMPTY_BODY = YES;
				CLANG_WARN_ENUM_CONVERSION = YES;
				CLANG_WARN_INT_CONVERSION = YES;
				CLANG_WARN_OBJC_ROOT_CLASS = YES_ERROR;
				CLANG_WARN_UNREACHABLE_CODE = YES;
				CLANG_WARN__DUPLICATE_METHOD_MATCH = YES;
				"CODE_SIGN_IDENTITY[sdk=iphoneos*]" = "iPhone Developer";
				COPY_PHASE_STRIP = NO;
				DEBUG_INFORMATION_FORMAT = dwarf;
				ENABLE_STRICT_OBJC_MSGSEND = YES;
				ENABLE_TESTABILITY = YES;
				GCC_C_LANGUAGE_STANDARD = gnu99;
				GCC_DYNAMIC_NO_PIC = NO;
				GCC_NO_COMMON_BLOCKS = YES;
				GCC_OPTIMIZATION_LEVEL = 0;
				GCC_PREPROCESSOR_DEFINITIONS = (
					"DEBUG=1",
					"$(inherited)",
				);
				GCC_WARN_64_TO_32_BIT_CONVERSION = YES;
				GCC_WARN_ABOUT_RETURN_TYPE = YES_ERROR;
				GCC_WARN_UNDECLARED_SELECTOR = YES;
				GCC_WARN_UNINITIALIZED_AUTOS = YES_AGGRESSIVE;
				GCC_WARN_UNUSED_FUNCTION = YES;
				GCC_WARN_UNUSED_VARIABLE = YES;
				IPHONEOS_DEPLOYMENT_TARGET = 7.0;
				MTL_ENABLE_DEBUG_INFO = YES;
				ONLY_ACTIVE_ARCH = YES;
				SDKROOT = iphoneos;
				SWIFT_OPTIMIZATION_LEVEL = "-Onone";
			};
			name = Debug;
		};
		151796F81BE68E4B004BA6E5 /* Release */ = {
			isa = XCBuildConfiguration;
			buildSettings = {
				ALWAYS_SEARCH_USER_PATHS = NO;
				CLANG_CXX_LANGUAGE_STANDARD = "gnu++0x";
				CLANG_CXX_LIBRARY = "libc++";
				CLANG_ENABLE_MODULES = YES;
				CLANG_ENABLE_OBJC_ARC = YES;
				CLANG_WARN_BOOL_CONVERSION = YES;
				CLANG_WARN_CONSTANT_CONVERSION = YES;
				CLANG_WARN_DIRECT_OBJC_ISA_USAGE = YES_ERROR;
				CLANG_WARN_EMPTY_BODY = YES;
				CLANG_WARN_ENUM_CONVERSION = YES;
				CLANG_WARN_INT_CONVERSION = YES;
				CLANG_WARN_OBJC_ROOT_CLASS = YES_ERROR;
				CLANG_WARN_UNREACHABLE_CODE = YES;
				CLANG_WARN__DUPLICATE_METHOD_MATCH = YES;
				"CODE_SIGN_IDENTITY[sdk=iphoneos*]" = "iPhone Developer";
				COPY_PHASE_STRIP = NO;
				DEBUG_INFORMATION_FORMAT = "dwarf-with-dsym";
				ENABLE_NS_ASSERTIONS = NO;
				ENABLE_STRICT_OBJC_MSGSEND = YES;
				GCC_C_LANGUAGE_STANDARD = gnu99;
				GCC_NO_COMMON_BLOCKS = YES;
				GCC_WARN_64_TO_32_BIT_CONVERSION = YES;
				GCC_WARN_ABOUT_RETURN_TYPE = YES_ERROR;
				GCC_WARN_UNDECLARED_SELECTOR = YES;
				GCC_WARN_UNINITIALIZED_AUTOS = YES_AGGRESSIVE;
				GCC_WARN_UNUSED_FUNCTION = YES;
				GCC_WARN_UNUSED_VARIABLE = YES;
				IPHONEOS_DEPLOYMENT_TARGET = 7.0;
				MTL_ENABLE_DEBUG_INFO = NO;
				SDKROOT = iphoneos;
				VALIDATE_PRODUCT = YES;
			};
			name = Release;
		};
		151796FA1BE68E4B004BA6E5 /* Debug */ = {
			isa = XCBuildConfiguration;
			buildSettings = {
				ASSETCATALOG_COMPILER_APPICON_NAME = AppIcon;
				INFOPLIST_FILE = Demo/Info.plist;
				IPHONEOS_DEPLOYMENT_TARGET = 8.0;
				LD_RUNPATH_SEARCH_PATHS = "$(inherited) @executable_path/Frameworks";
				PRODUCT_BUNDLE_IDENTIFIER = "com.scalessec.Toast-Swift";
				PRODUCT_NAME = "$(TARGET_NAME)";
			};
			name = Debug;
		};
		151796FB1BE68E4B004BA6E5 /* Release */ = {
			isa = XCBuildConfiguration;
			buildSettings = {
				ASSETCATALOG_COMPILER_APPICON_NAME = AppIcon;
				INFOPLIST_FILE = Demo/Info.plist;
				IPHONEOS_DEPLOYMENT_TARGET = 8.0;
				LD_RUNPATH_SEARCH_PATHS = "$(inherited) @executable_path/Frameworks";
				PRODUCT_BUNDLE_IDENTIFIER = "com.scalessec.Toast-Swift";
				PRODUCT_NAME = "$(TARGET_NAME)";
			};
			name = Release;
		};
/* End XCBuildConfiguration section */

/* Begin XCConfigurationList section */
		151796E21BE68E4B004BA6E5 /* Build configuration list for PBXProject "Toast-Swift" */ = {
			isa = XCConfigurationList;
			buildConfigurations = (
				151796F71BE68E4B004BA6E5 /* Debug */,
				151796F81BE68E4B004BA6E5 /* Release */,
			);
			defaultConfigurationIsVisible = 0;
			defaultConfigurationName = Release;
		};
		151796F91BE68E4B004BA6E5 /* Build configuration list for PBXNativeTarget "Toast-Swift" */ = {
			isa = XCConfigurationList;
			buildConfigurations = (
				151796FA1BE68E4B004BA6E5 /* Debug */,
				151796FB1BE68E4B004BA6E5 /* Release */,
			);
			defaultConfigurationIsVisible = 0;
			defaultConfigurationName = Release;
		};
/* End XCConfigurationList section */
	};
	rootObject = 151796DF1BE68E4B004BA6E5 /* Project object */;
}
